
Microsoft Visual Studio Solution File, Format Version 12.00
# Visual Studio Version 17
VisualStudioVersion = 17.14.36616.10 d17.14
MinimumVisualStudioVersion = 10.0.40219.1
Project("{FAE04EC0-301F-11D3-BF4B-00C04F79EFBC}") = "Practica_3-4", "Practica_3-4\Practica_3-4.csproj", "{48C6E020-E871-458B-8E73-82F396F3A664}"
EndProject
Global
	GlobalSection(SolutionConfigurationPlatforms) = preSolution
		Debug|Any CPU = Debug|Any CPU
		Release|Any CPU = Release|Any CPU
	EndGlobalSection
	GlobalSection(ProjectConfigurationPlatforms) = postSolution
		{48C6E020-E871-458B-8E73-82F396F3A664}.Debug|Any CPU.ActiveCfg = Debug|Any CPU
		{48C6E020-E871-458B-8E73-82F396F3A664}.Debug|Any CPU.Build.0 = Debug|Any CPU
		{48C6E020-E871-458B-8E73-82F396F3A664}.Release|Any CPU.ActiveCfg = Release|Any CPU
		{48C6E020-E871-458B-8E73-82F396F3A664}.Release|Any CPU.Build.0 = Release|Any CPU
	EndGlobalSection
	GlobalSection(SolutionProperties) = preSolution
		HideSolutionNode = FALSE
	EndGlobalSection
	GlobalSection(ExtensibilityGlobals) = postSolution
		SolutionGuid = {81B8D38A-07CF-41FC-B0C5-40EA9A83B661}
	EndGlobalSection
EndGlobal
